
Microsoft Visual Studio Solution File, Format Version 12.00
# Visual Studio 15
VisualStudioVersion = 15.0.28307.271
MinimumVisualStudioVersion = 10.0.40219.1
Project("{FAE04EC0-301F-11D3-BF4B-00C04F79EFBC}") = "PairingAlgorithms", "PairingAlgorithms\PairingAlgorithms.csproj", "{48AD900A-D6EA-4169-B887-98F629F59A40}"
EndProject
Project("{FAE04EC0-301F-11D3-BF4B-00C04F79EFBC}") = "PairingAlgorithmsTests", "PairingAlgorithmsTests\PairingAlgorithmsTests.csproj", "{062AECD9-F669-4C17-9AF4-06DBEBFB8F2C}"
EndProject
Global
	GlobalSection(SolutionConfigurationPlatforms) = preSolution
		Debug|Any CPU = Debug|Any CPU
		Release|Any CPU = Release|Any CPU
	EndGlobalSection
	GlobalSection(ProjectConfigurationPlatforms) = postSolution
		{48AD900A-D6EA-4169-B887-98F629F59A40}.Debug|Any CPU.ActiveCfg = Debug|Any CPU
		{48AD900A-D6EA-4169-B887-98F629F59A40}.Debug|Any CPU.Build.0 = Debug|Any CPU
		{48AD900A-D6EA-4169-B887-98F629F59A40}.Release|Any CPU.ActiveCfg = Release|Any CPU
		{48AD900A-D6EA-4169-B887-98F629F59A40}.Release|Any CPU.Build.0 = Release|Any CPU
		{062AECD9-F669-4C17-9AF4-06DBEBFB8F2C}.Debug|Any CPU.ActiveCfg = Debug|Any CPU
		{062AECD9-F669-4C17-9AF4-06DBEBFB8F2C}.Debug|Any CPU.Build.0 = Debug|Any CPU
		{062AECD9-F669-4C17-9AF4-06DBEBFB8F2C}.Release|Any CPU.ActiveCfg = Release|Any CPU
		{062AECD9-F669-4C17-9AF4-06DBEBFB8F2C}.Release|Any CPU.Build.0 = Release|Any CPU
	EndGlobalSection
	GlobalSection(SolutionProperties) = preSolution
		HideSolutionNode = FALSE
	EndGlobalSection
	GlobalSection(ExtensibilityGlobals) = postSolution
		SolutionGuid = {9317ED1A-29F4-402B-8E54-73FD14983F6B}
	EndGlobalSection
EndGlobal
